<?xml version="1.0" encoding="utf-8"?>
<Project ToolsVersion="4.0" xmlns="http://schemas.microsoft.com/developer/msbuild/2003">
  <ItemGroup>
    <Filter Include="Source Files">
      <UniqueIdentifier>{4FC737F1-C7A5-4376-A066-2A32D752A2FF}</UniqueIdentifier>
      <Extensions>cpp;c;cc;cxx;def;odl;idl;hpj;bat;asm;asmx</Extensions>
    </Filter>
    <Filter Include="Header Files">
      <UniqueIdentifier>{93995380-89BD-4b04-88EB-625FBE52EBFB}</UniqueIdentifier>
      <Extensions>h;hh;hpp;hxx;hm;inl;inc;xsd</Extensions>
    </Filter>
    <Filter Include="Resource Files">
      <UniqueIdentifier>{67DA6AB6-F800-4c08-8B7A-83BB121AAD01}</UniqueIdentifier>
      <Extensions>rc;ico;cur;bmp;dlg;rc2;rct;bin;rgs;gif;jpg;jpeg;jpe;resx;tiff;tif;png;wav;mfcribbon-ms</Extensions>
    </Filter>
    <Filter Include="Shaders">
      <UniqueIdentifier>{e8ce8de0-38f5-4f0b-8a66-6c32dd5e801c}</UniqueIdentifier>
    </Filter>
    <Filter Include="GL utilities">
      <UniqueIdentifier>{4ff6a499-9726-4024-9125-cb3b3bce0fb2}</UniqueIdentifier>
    </Filter>
    <Filter Include="imgui">
      <UniqueIdentifier>{28dd15bc-57f1-4d1a-a7b0-1f36df3fc779}</UniqueIdentifier>
    </Filter>
    <Filter Include="Source Files\model">
      <UniqueIdentifier>{8150ed97-658d-4cea-9b03-71fbaf75bfbd}</UniqueIdentifier>
    </Filter>
    <Filter Include="Source Files\persistence">
      <UniqueIdentifier>{43b03b09-a86c-438a-a5ab-f785f52659db}</UniqueIdentifier>
    </Filter>
  </ItemGroup>
  <ItemGroup>
    <ClInclude Include="Includes\BufferObject.h">
      <Filter>GL utilities</Filter>
    </ClInclude>
    <ClInclude Include="Includes\gCamera.h">
      <Filter>GL utilities</Filter>
    </ClInclude>
    <ClInclude Include="Includes\GLconversions.hpp">
      <Filter>GL utilities</Filter>
    </ClInclude>
    <ClInclude Include="Includes\GLUtils.hpp">
      <Filter>GL utilities</Filter>
    </ClInclude>
    <ClInclude Include="Includes\Mesh_OGL3.h">
      <Filter>GL utilities</Filter>
    </ClInclude>
    <ClInclude Include="Includes\ObjParser_OGL3.h">
      <Filter>GL utilities</Filter>
    </ClInclude>
    <ClInclude Include="Includes\ProgramObject.h">
      <Filter>GL utilities</Filter>
    </ClInclude>
    <ClInclude Include="Includes\ShaderObject.h">
      <Filter>GL utilities</Filter>
    </ClInclude>
    <ClInclude Include="Includes\TextureObject.h">
      <Filter>GL utilities</Filter>
    </ClInclude>
    <ClInclude Include="Includes\VertexArrayObject.h">
      <Filter>GL utilities</Filter>
    </ClInclude>
    <ClInclude Include="Includes\GLDebugMessageCallback.h">
      <Filter>GL utilities</Filter>
    </ClInclude>
    <ClInclude Include="..\Dependencies\OGLPack\include\imgui\imgui.h">
      <Filter>imgui</Filter>
    </ClInclude>
    <ClInclude Include="..\Dependencies\OGLPack\include\imgui\imgui_internal.h">
      <Filter>imgui</Filter>
    </ClInclude>
    <ClInclude Include="..\Dependencies\OGLPack\include\imgui\imconfig.h">
      <Filter>imgui</Filter>
    </ClInclude>
    <ClInclude Include="..\Dependencies\OGLPack\include\imgui\imgui_impl_opengl3.h">
      <Filter>imgui</Filter>
    </ClInclude>
    <ClInclude Include="..\Dependencies\OGLPack\include\imgui\imgui_impl_opengl3_loader.h">
      <Filter>imgui</Filter>
    </ClInclude>
    <ClInclude Include="..\Dependencies\OGLPack\include\imgui\imgui_impl_sdl2.h">
      <Filter>imgui</Filter>
    </ClInclude>
    <ClInclude Include="..\Dependencies\OGLPack\include\imgui\imstb_rectpack.h">
      <Filter>imgui</Filter>
    </ClInclude>
    <ClInclude Include="..\Dependencies\OGLPack\include\imgui\imstb_textedit.h">
      <Filter>imgui</Filter>
    </ClInclude>
    <ClInclude Include="..\Dependencies\OGLPack\include\imgui\imstb_truetype.h">
      <Filter>imgui</Filter>
    </ClInclude>
    <ClInclude Include="headers\AppUI.h">
      <Filter>Header Files</Filter>
    </ClInclude>
    <ClInclude Include="headers\Barrier.h">
      <Filter>Header Files</Filter>
    </ClInclude>
    <ClInclude Include="headers\DeepSpace.h">
      <Filter>Header Files</Filter>
    </ClInclude>
    <ClInclude Include="headers\DesertFloor.h">
      <Filter>Header Files</Filter>
    </ClInclude>
    <ClInclude Include="headers\Dimensions.h">
      <Filter>Header Files</Filter>
    </ClInclude>
    <ClInclude Include="headers\Directions.h">
      <Filter>Header Files</Filter>
    </ClInclude>
    <ClInclude Include="headers\Enemy.h">
      <Filter>Header Files</Filter>
    </ClInclude>
    <ClInclude Include="headers\EnemySpawnPoint.h">
      <Filter>Header Files</Filter>
    </ClInclude>
    <ClInclude Include="headers\Entity.h">
      <Filter>Header Files</Filter>
    </ClInclude>
    <ClInclude Include="headers\Falcon.h">
      <Filter>Header Files</Filter>
    </ClInclude>
    <ClInclude Include="headers\Floor.h">
      <Filter>Header Files</Filter>
    </ClInclude>
    <ClInclude Include="headers\GameState.h">
      <Filter>Header Files</Filter>
    </ClInclude>
    <ClInclude Include="headers\GJK.h">
      <Filter>Header Files</Filter>
    </ClInclude>
    <ClInclude Include="headers\HitBox.h">
      <Filter>Header Files</Filter>
    </ClInclude>
    <ClInclude Include="headers\Laser.h">
      <Filter>Header Files</Filter>
    </ClInclude>
    <ClInclude Include="headers\LaserGun.h">
      <Filter>Header Files</Filter>
    </ClInclude>
    <ClInclude Include="headers\MachineGun.h">
      <Filter>Header Files</Filter>
    </ClInclude>
    <ClInclude Include="headers\Map.h">
      <Filter>Header Files</Filter>
    </ClInclude>
    <ClInclude Include="headers\MeshCollider.h">
      <Filter>Header Files</Filter>
    </ClInclude>
    <ClInclude Include="headers\Mine.h">
      <Filter>Header Files</Filter>
    </ClInclude>
    <ClInclude Include="headers\MinePlacer.h">
      <Filter>Header Files</Filter>
    </ClInclude>
    <ClInclude Include="headers\Mothership.h">
      <Filter>Header Files</Filter>
    </ClInclude>
    <ClInclude Include="headers\MyApp.h">
      <Filter>Header Files</Filter>
    </ClInclude>
    <ClInclude Include="headers\Persistence.h">
      <Filter>Header Files</Filter>
    </ClInclude>
    <ClInclude Include="headers\PlanetEarth.h">
      <Filter>Header Files</Filter>
    </ClInclude>
    <ClInclude Include="headers\PLayer.h">
      <Filter>Header Files</Filter>
    </ClInclude>
    <ClInclude Include="headers\Projectile.h">
      <Filter>Header Files</Filter>
    </ClInclude>
    <ClInclude Include="headers\Raptor.h">
      <Filter>Header Files</Filter>
    </ClInclude>
    <ClInclude Include="headers\Rocket.h">
      <Filter>Header Files</Filter>
    </ClInclude>
    <ClInclude Include="headers\Rocketer.h">
      <Filter>Header Files</Filter>
    </ClInclude>
    <ClInclude Include="headers\RocketLauncher.h">
      <Filter>Header Files</Filter>
    </ClInclude>
    <ClInclude Include="headers\SaR.h">
      <Filter>Header Files</Filter>
    </ClInclude>
    <ClInclude Include="headers\Shield.h">
      <Filter>Header Files</Filter>
    </ClInclude>
    <ClInclude Include="headers\Simplex.h">
      <Filter>Header Files</Filter>
    </ClInclude>
    <ClInclude Include="headers\SpeedBooster.h">
      <Filter>Header Files</Filter>
    </ClInclude>
    <ClInclude Include="headers\StealthCoat.h">
      <Filter>Header Files</Filter>
    </ClInclude>
    <ClInclude Include="headers\Turret.h">
      <Filter>Header Files</Filter>
    </ClInclude>
    <ClInclude Include="headers\TurretWeapon.h">
      <Filter>Header Files</Filter>
    </ClInclude>
    <ClInclude Include="headers\Upgrade.h">
      <Filter>Header Files</Filter>
    </ClInclude>
    <ClInclude Include="headers\UpgradeDataStorage.h">
      <Filter>Header Files</Filter>
    </ClInclude>
    <ClInclude Include="headers\Weapon.h">
      <Filter>Header Files</Filter>
    </ClInclude>
    <ClInclude Include="headers\WeaponDataStorage.h">
      <Filter>Header Files</Filter>
    </ClInclude>
  </ItemGroup>
  <ItemGroup>
    <ClCompile Include="Includes\GLconversions.cpp">
      <Filter>GL utilities</Filter>
    </ClCompile>
    <ClCompile Include="Includes\gCamera.cpp">
      <Filter>GL utilities</Filter>
    </ClCompile>
    <ClCompile Include="Includes\ObjParser_OGL3.cpp">
      <Filter>GL utilities</Filter>
    </ClCompile>
    <ClCompile Include="Includes\ProgramObject.cpp">
      <Filter>GL utilities</Filter>
    </ClCompile>
    <ClCompile Include="Includes\ShaderObject.cpp">
      <Filter>GL utilities</Filter>
    </ClCompile>
    <ClCompile Include="Includes\VertexArrayObject.cpp">
      <Filter>GL utilities</Filter>
    </ClCompile>
    <ClCompile Include="Includes\Mesh_OGL3.cpp">
      <Filter>GL utilities</Filter>
    </ClCompile>
    <ClCompile Include="Includes\GLDebugMessageCallback.cpp">
      <Filter>GL utilities</Filter>
    </ClCompile>
    <ClCompile Include="..\Dependencies\OGLPack\include\imgui\imgui_demo.cpp">
      <Filter>imgui</Filter>
    </ClCompile>
    <ClCompile Include="..\Dependencies\OGLPack\include\imgui\imgui_draw.cpp">
      <Filter>imgui</Filter>
    </ClCompile>
    <ClCompile Include="..\Dependencies\OGLPack\include\imgui\imgui.cpp">
      <Filter>imgui</Filter>
    </ClCompile>
    <ClCompile Include="..\Dependencies\OGLPack\include\imgui\imgui_impl_opengl3.cpp">
      <Filter>imgui</Filter>
    </ClCompile>
    <ClCompile Include="..\Dependencies\OGLPack\include\imgui\imgui_impl_sdl2.cpp">
      <Filter>imgui</Filter>
    </ClCompile>
    <ClCompile Include="..\Dependencies\OGLPack\include\imgui\imgui_tables.cpp">
      <Filter>imgui</Filter>
    </ClCompile>
    <ClCompile Include="..\Dependencies\OGLPack\include\imgui\imgui_widgets.cpp">
      <Filter>imgui</Filter>
    </ClCompile>
    <ClCompile Include="source\AppUI.cpp">
      <Filter>Source Files\model</Filter>
    </ClCompile>
    <ClCompile Include="source\main.cpp">
      <Filter>Source Files</Filter>
    </ClCompile>
    <ClCompile Include="source\WeaponDataStorage.cpp">
      <Filter>Source Files\model</Filter>
    </ClCompile>
    <ClCompile Include="source\Weapon.cpp">
      <Filter>Source Files\model</Filter>
    </ClCompile>
    <ClCompile Include="source\UpgradeDataStorage.cpp">
      <Filter>Source Files\model</Filter>
    </ClCompile>
    <ClCompile Include="source\Upgrade.cpp">
      <Filter>Source Files\model</Filter>
    </ClCompile>
    <ClCompile Include="source\TurretWeapon.cpp">
      <Filter>Source Files\model</Filter>
    </ClCompile>
    <ClCompile Include="source\Turret.cpp">
      <Filter>Source Files\model</Filter>
    </ClCompile>
    <ClCompile Include="source\StealthCoat.cpp">
      <Filter>Source Files\model</Filter>
    </ClCompile>
    <ClCompile Include="source\SpeedBooster.cpp">
      <Filter>Source Files\model</Filter>
    </ClCompile>
    <ClCompile Include="source\Shield.cpp">
      <Filter>Source Files\model</Filter>
    </ClCompile>
    <ClCompile Include="source\SaR.cpp">
      <Filter>Source Files\model</Filter>
    </ClCompile>
    <ClCompile Include="source\RocketLauncher.cpp">
      <Filter>Source Files\model</Filter>
    </ClCompile>
    <ClCompile Include="source\Rocketer.cpp">
      <Filter>Source Files\model</Filter>
    </ClCompile>
    <ClCompile Include="source\Rocket.cpp">
      <Filter>Source Files\model</Filter>
    </ClCompile>
    <ClCompile Include="source\Raptor.cpp">
      <Filter>Source Files\model</Filter>
    </ClCompile>
    <ClCompile Include="source\Projectile.cpp">
      <Filter>Source Files\model</Filter>
    </ClCompile>
    <ClCompile Include="source\Player.cpp">
      <Filter>Source Files\model</Filter>
    </ClCompile>
    <ClCompile Include="source\PlanetEarth.cpp">
      <Filter>Source Files\model</Filter>
    </ClCompile>
    <ClCompile Include="source\MyApp.cpp">
      <Filter>Source Files\model</Filter>
    </ClCompile>
    <ClCompile Include="source\Mothership.cpp">
      <Filter>Source Files\model</Filter>
    </ClCompile>
    <ClCompile Include="source\MinePlacer.cpp">
      <Filter>Source Files\model</Filter>
    </ClCompile>
    <ClCompile Include="source\Mine.cpp">
      <Filter>Source Files\model</Filter>
    </ClCompile>
    <ClCompile Include="source\MeshCollider.cpp">
      <Filter>Source Files\model</Filter>
    </ClCompile>
    <ClCompile Include="source\Map.cpp">
      <Filter>Source Files\model</Filter>
    </ClCompile>
    <ClCompile Include="source\MachineGun.cpp">
      <Filter>Source Files\model</Filter>
    </ClCompile>
    <ClCompile Include="source\LaserGun.cpp">
      <Filter>Source Files\model</Filter>
    </ClCompile>
    <ClCompile Include="source\Laser.cpp">
      <Filter>Source Files\model</Filter>
    </ClCompile>
    <ClCompile Include="source\HitBox.cpp">
      <Filter>Source Files\model</Filter>
    </ClCompile>
    <ClCompile Include="source\GJK.cpp">
      <Filter>Source Files\model</Filter>
    </ClCompile>
    <ClCompile Include="source\Floor.cpp">
      <Filter>Source Files\model</Filter>
    </ClCompile>
    <ClCompile Include="source\Falcon.cpp">
      <Filter>Source Files\model</Filter>
    </ClCompile>
    <ClCompile Include="source\Entity.cpp">
      <Filter>Source Files\model</Filter>
    </ClCompile>
    <ClCompile Include="source\EnemySpawnPoint.cpp">
      <Filter>Source Files\model</Filter>
    </ClCompile>
    <ClCompile Include="source\Enemy.cpp">
      <Filter>Source Files\model</Filter>
    </ClCompile>
    <ClCompile Include="source\DesertFloor.cpp">
      <Filter>Source Files\model</Filter>
    </ClCompile>
    <ClCompile Include="source\DeepSpace.cpp">
      <Filter>Source Files\model</Filter>
    </ClCompile>
    <ClCompile Include="source\Barrier.cpp">
      <Filter>Source Files\model</Filter>
    </ClCompile>
    <ClCompile Include="source\Persistence.cpp">
      <Filter>Source Files\persistence</Filter>
    </ClCompile>
  </ItemGroup>
  <ItemGroup>
    <None Include="Includes\BufferObject.inl">
      <Filter>GL utilities</Filter>
    </None>
    <None Include="Includes\ProgramObject.inl">
      <Filter>GL utilities</Filter>
    </None>
    <None Include="Includes\TextureObject.inl">
      <Filter>GL utilities</Filter>
    </None>
    <None Include="Includes\VertexArrayObject.inl">
      <Filter>GL utilities</Filter>
    </None>
    <None Include="shaders\axes.frag">
      <Filter>Shaders</Filter>
    </None>
    <None Include="shaders\axes.vert">
      <Filter>Shaders</Filter>
    </None>
    <None Include="shaders\myFrag.frag">
      <Filter>Shaders</Filter>
    </None>
    <None Include="shaders\myVert.vert">
      <Filter>Shaders</Filter>
    </None>
    <None Include="shaders\PlanetEarthBaseFrag.frag">
      <Filter>Shaders</Filter>
    </None>
    <None Include="shaders\PlanetEarthBaseVert.vert">
      <Filter>Shaders</Filter>
    </None>
    <None Include="shaders\PlanetEarthSkyBox.frag">
      <Filter>Shaders</Filter>
    </None>
    <None Include="shaders\PlanetEarthSkyBox.vert">
      <Filter>Shaders</Filter>
    </None>
    <None Include="shaders\proceduralFrag.frag">
      <Filter>Shaders</Filter>
    </None>
    <None Include="shaders\proceduralVert.vert">
      <Filter>Shaders</Filter>
    </None>
    <None Include="shaders\skybox.frag">
      <Filter>Shaders</Filter>
    </None>
    <None Include="shaders\skybox.vert">
      <Filter>Shaders</Filter>
    </None>
    <None Include="shaders\transparentFrag.frag">
      <Filter>Shaders</Filter>
    </None>
  </ItemGroup>
</Project>